
Microsoft Visual Studio Solution File, Format Version 12.00
# Visual Studio Version 17
VisualStudioVersion = 17.4.33213.308
MinimumVisualStudioVersion = 10.0.40219.1
Project("{FAE04EC0-301F-11D3-BF4B-00C04F79EFBC}") = "Recipe management", "Recipe management\Recipe management.csproj", "{0559AD49-9565-41F9-A5E5-50B9B8480EC0}"
EndProject
Global
	GlobalSection(SolutionConfigurationPlatforms) = preSolution
		Debug|Any CPU = Debug|Any CPU
		Release|Any CPU = Release|Any CPU
	EndGlobalSection
	GlobalSection(ProjectConfigurationPlatforms) = postSolution
		{0559AD49-9565-41F9-A5E5-50B9B8480EC0}.Debug|Any CPU.ActiveCfg = Debug|Any CPU
		{0559AD49-9565-41F9-A5E5-50B9B8480EC0}.Debug|Any CPU.Build.0 = Debug|Any CPU
		{0559AD49-9565-41F9-A5E5-50B9B8480EC0}.Release|Any CPU.ActiveCfg = Release|Any CPU
		{0559AD49-9565-41F9-A5E5-50B9B8480EC0}.Release|Any CPU.Build.0 = Release|Any CPU
	EndGlobalSection
	GlobalSection(SolutionProperties) = preSolution
		HideSolutionNode = FALSE
	EndGlobalSection
	GlobalSection(ExtensibilityGlobals) = postSolution
		SolutionGuid = {87F68947-24B0-4B2E-9A79-DF4DC1726C0C}
	EndGlobalSection
EndGlobal
